dependencies:
- name: operator
  repository: https://operator.min.io/
  version: 5.0.7
- name: kube-prometheus-stack
  repository: https://prometheus-community.github.io/helm-charts
  version: 52.0.1
- name: grafana-agent
  repository: https://grafana.github.io/helm-charts
  version: 0.27.1
digest: sha256:6651cf6d704be345ee586d8664a65202bbf4c9d40ff6d524ea4713bbbd8b49ad
generated: "2025-02-08T19:12:45.213074-06:00"
