dependencies:
- name: operator
  repository: https://operator.min.io/
  version: 5.0.7
- name: kube-prometheus-stack
  repository: https://prometheus-community.github.io/helm-charts
  version: 52.0.1
- name: grafana-agent
  repository: https://grafana.github.io/helm-charts
  version: 0.27.1
- name: cert-manager
  repository: https://charts.jetstack.io
  version: v1.13.3
- name: acme-cluster-issuer
  repository: https://swirldslabs.github.io/swirldslabs-helm-charts
  version: 0.3.1
- name: haproxy-ingress
  repository: https://haproxy-ingress.github.io/charts
  version: 0.14.5
digest: sha256:a5d8d77b6ba60ffcc88246bc4dbd32138c0119772dbbdd13425595df7d4d10d9
generated: "2025-01-06T21:50:09.196317Z"
