dependencies:
- name: operator
  repository: https://operator.min.io/
  version: 5.0.7
- name: kube-prometheus-stack
  repository: https://prometheus-community.github.io/helm-charts
  version: 52.0.1
- name: grafana-agent
  repository: https://grafana.github.io/helm-charts
  version: 0.27.1
- name: cert-manager
  repository: https://charts.jetstack.io
  version: v1.13.3
- name: acme-cluster-issuer
  repository: https://swirldslabs.github.io/swirldslabs-helm-charts
  version: 0.3.1
digest: sha256:6fa2336d29e06a777d784e4ba2f72b19934fc2bbfb133343a3f6b159a5e0da60
generated: "2025-02-07T20:58:09.292498-06:00"
