dependencies:
- name: postgresql
  repository: oci://registry-1.docker.io/bitnamicharts
  version: 18.5.9
- name: redis
  repository: oci://registry-1.docker.io/bitnamicharts
  version: 22.0.7
digest: sha256:1ab9dedccbd3e2f27ea715d9bca582ba786f98ee0da5350fe69a5bf98d006fa7
generated: "2026-03-20T12:16:19.788018+02:00"
