dependencies:
- name: postgresql-ha
  repository: oci://registry-1.docker.io/bitnamicharts
  version: 15.3.17
- name: redis
  repository: oci://registry-1.docker.io/bitnamicharts
  version: 22.0.7
digest: sha256:2dc483daf030efc4a4fa75f428d4dab900633a0a5cdf05e9cc709614e4c5cf42
generated: "2026-01-22T14:06:04.309373+02:00"
